
Microsoft Visual Studio Solution File, Format Version 12.00
# Visual Studio Version 16
VisualStudioVersion = 16.0.31410.357
MinimumVisualStudioVersion = 10.0.40219.1
Project("{FAE04EC0-301F-11D3-BF4B-00C04F79EFBC}") = "JuegoTriqui", "JuegoTriqui.csproj", "{5E4B3247-9EB5-46D6-B653-4007CA5CBC0A}"
EndProject
Global
	GlobalSection(SolutionConfigurationPlatforms) = preSolution
		Debug|Any CPU = Debug|Any CPU
		Release|Any CPU = Release|Any CPU
	EndGlobalSection
	GlobalSection(ProjectConfigurationPlatforms) = postSolution
		{5E4B3247-9EB5-46D6-B653-4007CA5CBC0A}.Debug|Any CPU.ActiveCfg = Debug|Any CPU
		{5E4B3247-9EB5-46D6-B653-4007CA5CBC0A}.Debug|Any CPU.Build.0 = Debug|Any CPU
		{5E4B3247-9EB5-46D6-B653-4007CA5CBC0A}.Release|Any CPU.ActiveCfg = Release|Any CPU
		{5E4B3247-9EB5-46D6-B653-4007CA5CBC0A}.Release|Any CPU.Build.0 = Release|Any CPU
	EndGlobalSection
	GlobalSection(SolutionProperties) = preSolution
		HideSolutionNode = FALSE
	EndGlobalSection
	GlobalSection(ExtensibilityGlobals) = postSolution
		SolutionGuid = {6A11601E-2D68-4215-AA1E-A4AF3B8B3917}
	EndGlobalSection
EndGlobal
